
Microsoft Visual Studio Solution File, Format Version 12.00
# Visual Studio Version 16
VisualStudioVersion = 16.0.30804.86
MinimumVisualStudioVersion = 10.0.40219.1
Project("{FAE04EC0-301F-11D3-BF4B-00C04F79EFBC}") = "ServiceForWorkingWithListOfBooks", "ServiceForWorkingWithListOfBooks\ServiceForWorkingWithListOfBooks.csproj", "{274C07F1-84D4-403E-B253-30902CC1421A}"
EndProject
Project("{9A19103F-16F7-4668-BE54-9A1E7A4F7556}") = "BookClass", "BookClass\BookClass.csproj", "{4C410C1D-5AA9-4C0E-8534-0CA2BD53949E}"
EndProject
Project("{FAE04EC0-301F-11D3-BF4B-00C04F79EFBC}") = "TestService", "TestService\TestService.csproj", "{543FBC68-7708-4ADF-8FD3-D0441DB32CC2}"
EndProject
Global
	GlobalSection(SolutionConfigurationPlatforms) = preSolution
		Debug|Any CPU = Debug|Any CPU
		Release|Any CPU = Release|Any CPU
	EndGlobalSection
	GlobalSection(ProjectConfigurationPlatforms) = postSolution
		{274C07F1-84D4-403E-B253-30902CC1421A}.Debug|Any CPU.ActiveCfg = Debug|Any CPU
		{274C07F1-84D4-403E-B253-30902CC1421A}.Debug|Any CPU.Build.0 = Debug|Any CPU
		{274C07F1-84D4-403E-B253-30902CC1421A}.Release|Any CPU.ActiveCfg = Release|Any CPU
		{274C07F1-84D4-403E-B253-30902CC1421A}.Release|Any CPU.Build.0 = Release|Any CPU
		{4C410C1D-5AA9-4C0E-8534-0CA2BD53949E}.Debug|Any CPU.ActiveCfg = Debug|Any CPU
		{4C410C1D-5AA9-4C0E-8534-0CA2BD53949E}.Debug|Any CPU.Build.0 = Debug|Any CPU
		{4C410C1D-5AA9-4C0E-8534-0CA2BD53949E}.Release|Any CPU.ActiveCfg = Release|Any CPU
		{4C410C1D-5AA9-4C0E-8534-0CA2BD53949E}.Release|Any CPU.Build.0 = Release|Any CPU
		{543FBC68-7708-4ADF-8FD3-D0441DB32CC2}.Debug|Any CPU.ActiveCfg = Debug|Any CPU
		{543FBC68-7708-4ADF-8FD3-D0441DB32CC2}.Debug|Any CPU.Build.0 = Debug|Any CPU
		{543FBC68-7708-4ADF-8FD3-D0441DB32CC2}.Release|Any CPU.ActiveCfg = Release|Any CPU
		{543FBC68-7708-4ADF-8FD3-D0441DB32CC2}.Release|Any CPU.Build.0 = Release|Any CPU
	EndGlobalSection
	GlobalSection(SolutionProperties) = preSolution
		HideSolutionNode = FALSE
	EndGlobalSection
	GlobalSection(ExtensibilityGlobals) = postSolution
		SolutionGuid = {57FE8303-3F68-4477-82B9-79A10BC69AD0}
	EndGlobalSection
EndGlobal
