
Microsoft Visual Studio Solution File, Format Version 12.00
# Visual Studio Version 16
VisualStudioVersion = 16.0.30804.86
MinimumVisualStudioVersion = 10.0.40219.1
Project("{FAE04EC0-301F-11D3-BF4B-00C04F79EFBC}") = "Create-table", "Create-table\Create-table.csproj", "{A17FED26-11E5-499A-B9AD-EFC0A5219FE9}"
EndProject
Project("{9A19103F-16F7-4668-BE54-9A1E7A4F7556}") = "BookClass", "..\BookClass\BookClass.csproj", "{80A8F86D-7FDD-4AA4-B35D-A0F40E523314}"
EndProject
Global
	GlobalSection(SolutionConfigurationPlatforms) = preSolution
		Debug|Any CPU = Debug|Any CPU
		Release|Any CPU = Release|Any CPU
	EndGlobalSection
	GlobalSection(ProjectConfigurationPlatforms) = postSolution
		{A17FED26-11E5-499A-B9AD-EFC0A5219FE9}.Debug|Any CPU.ActiveCfg = Debug|Any CPU
		{A17FED26-11E5-499A-B9AD-EFC0A5219FE9}.Debug|Any CPU.Build.0 = Debug|Any CPU
		{A17FED26-11E5-499A-B9AD-EFC0A5219FE9}.Release|Any CPU.ActiveCfg = Release|Any CPU
		{A17FED26-11E5-499A-B9AD-EFC0A5219FE9}.Release|Any CPU.Build.0 = Release|Any CPU
		{80A8F86D-7FDD-4AA4-B35D-A0F40E523314}.Debug|Any CPU.ActiveCfg = Debug|Any CPU
		{80A8F86D-7FDD-4AA4-B35D-A0F40E523314}.Debug|Any CPU.Build.0 = Debug|Any CPU
		{80A8F86D-7FDD-4AA4-B35D-A0F40E523314}.Release|Any CPU.ActiveCfg = Release|Any CPU
		{80A8F86D-7FDD-4AA4-B35D-A0F40E523314}.Release|Any CPU.Build.0 = Release|Any CPU
	EndGlobalSection
	GlobalSection(SolutionProperties) = preSolution
		HideSolutionNode = FALSE
	EndGlobalSection
	GlobalSection(ExtensibilityGlobals) = postSolution
		SolutionGuid = {80A21EC9-BC3A-438B-9D6A-BFDDF93BADB4}
	EndGlobalSection
EndGlobal
