
Microsoft Visual Studio Solution File, Format Version 12.00
# Visual Studio Version 16
VisualStudioVersion = 16.0.30804.86
MinimumVisualStudioVersion = 10.0.40219.1
Project("{9A19103F-16F7-4668-BE54-9A1E7A4F7556}") = "GenericMetrices", "GenericMetrices\GenericMetrices.csproj", "{713C0815-4CE1-4D1E-A218-45CF442AB081}"
EndProject
Project("{FAE04EC0-301F-11D3-BF4B-00C04F79EFBC}") = "GenericMetricesTests", "GenericMetricesTests\GenericMetricesTests.csproj", "{66DE28C2-C7AC-4E0D-843C-512ACF6005B1}"
EndProject
Global
	GlobalSection(SolutionConfigurationPlatforms) = preSolution
		Debug|Any CPU = Debug|Any CPU
		Release|Any CPU = Release|Any CPU
	EndGlobalSection
	GlobalSection(ProjectConfigurationPlatforms) = postSolution
		{713C0815-4CE1-4D1E-A218-45CF442AB081}.Debug|Any CPU.ActiveCfg = Debug|Any CPU
		{713C0815-4CE1-4D1E-A218-45CF442AB081}.Debug|Any CPU.Build.0 = Debug|Any CPU
		{713C0815-4CE1-4D1E-A218-45CF442AB081}.Release|Any CPU.ActiveCfg = Release|Any CPU
		{713C0815-4CE1-4D1E-A218-45CF442AB081}.Release|Any CPU.Build.0 = Release|Any CPU
		{66DE28C2-C7AC-4E0D-843C-512ACF6005B1}.Debug|Any CPU.ActiveCfg = Debug|Any CPU
		{66DE28C2-C7AC-4E0D-843C-512ACF6005B1}.Debug|Any CPU.Build.0 = Debug|Any CPU
		{66DE28C2-C7AC-4E0D-843C-512ACF6005B1}.Release|Any CPU.ActiveCfg = Release|Any CPU
		{66DE28C2-C7AC-4E0D-843C-512ACF6005B1}.Release|Any CPU.Build.0 = Release|Any CPU
	EndGlobalSection
	GlobalSection(SolutionProperties) = preSolution
		HideSolutionNode = FALSE
	EndGlobalSection
	GlobalSection(ExtensibilityGlobals) = postSolution
		SolutionGuid = {0255D65B-65E9-4542-A30C-D7BC343EB085}
	EndGlobalSection
EndGlobal
