
Microsoft Visual Studio Solution File, Format Version 12.00
# Visual Studio Version 16
VisualStudioVersion = 16.0.30804.86
MinimumVisualStudioVersion = 10.0.40219.1
Project("{9A19103F-16F7-4668-BE54-9A1E7A4F7556}") = "ParsingInterfaces", "ParsingInterfaces\ParsingInterfaces.csproj", "{E8023AC4-6402-4EB4-B136-ECDB0C41C51E}"
EndProject
Project("{9A19103F-16F7-4668-BE54-9A1E7A4F7556}") = "UrlParserApp", "UrlParserApp\UrlParserApp.csproj", "{9B0BC6A1-5874-4101-8870-FA9366B4E668}"
EndProject
Project("{9A19103F-16F7-4668-BE54-9A1E7A4F7556}") = "UrlParaserImplementations", "UrlParaserImplementations\UrlParaserImplementations.csproj", "{D55FA617-795B-423A-935B-33C2B66475CC}"
EndProject
Project("{9A19103F-16F7-4668-BE54-9A1E7A4F7556}") = "WriterInterfaces", "WriterInterfaces\WriterInterfaces.csproj", "{73B76822-3DDF-4045-9957-0CD3BDB0AF2D}"
EndProject
Project("{9A19103F-16F7-4668-BE54-9A1E7A4F7556}") = "Writers", "Writers\Writers.csproj", "{54031A26-3069-4F13-8495-1FFF5B848B34}"
EndProject
Project("{FAE04EC0-301F-11D3-BF4B-00C04F79EFBC}") = "TestParseUrl", "TestParseUrl\TestParseUrl.csproj", "{9DC0E4F7-EAAE-455F-9A6A-232DBAD8C385}"
EndProject
Global
	GlobalSection(SolutionConfigurationPlatforms) = preSolution
		Debug|Any CPU = Debug|Any CPU
		Release|Any CPU = Release|Any CPU
	EndGlobalSection
	GlobalSection(ProjectConfigurationPlatforms) = postSolution
		{E8023AC4-6402-4EB4-B136-ECDB0C41C51E}.Debug|Any CPU.ActiveCfg = Debug|Any CPU
		{E8023AC4-6402-4EB4-B136-ECDB0C41C51E}.Debug|Any CPU.Build.0 = Debug|Any CPU
		{E8023AC4-6402-4EB4-B136-ECDB0C41C51E}.Release|Any CPU.ActiveCfg = Release|Any CPU
		{E8023AC4-6402-4EB4-B136-ECDB0C41C51E}.Release|Any CPU.Build.0 = Release|Any CPU
		{9B0BC6A1-5874-4101-8870-FA9366B4E668}.Debug|Any CPU.ActiveCfg = Debug|Any CPU
		{9B0BC6A1-5874-4101-8870-FA9366B4E668}.Debug|Any CPU.Build.0 = Debug|Any CPU
		{9B0BC6A1-5874-4101-8870-FA9366B4E668}.Release|Any CPU.ActiveCfg = Release|Any CPU
		{9B0BC6A1-5874-4101-8870-FA9366B4E668}.Release|Any CPU.Build.0 = Release|Any CPU
		{D55FA617-795B-423A-935B-33C2B66475CC}.Debug|Any CPU.ActiveCfg = Debug|Any CPU
		{D55FA617-795B-423A-935B-33C2B66475CC}.Debug|Any CPU.Build.0 = Debug|Any CPU
		{D55FA617-795B-423A-935B-33C2B66475CC}.Release|Any CPU.ActiveCfg = Release|Any CPU
		{D55FA617-795B-423A-935B-33C2B66475CC}.Release|Any CPU.Build.0 = Release|Any CPU
		{73B76822-3DDF-4045-9957-0CD3BDB0AF2D}.Debug|Any CPU.ActiveCfg = Debug|Any CPU
		{73B76822-3DDF-4045-9957-0CD3BDB0AF2D}.Debug|Any CPU.Build.0 = Debug|Any CPU
		{73B76822-3DDF-4045-9957-0CD3BDB0AF2D}.Release|Any CPU.ActiveCfg = Release|Any CPU
		{73B76822-3DDF-4045-9957-0CD3BDB0AF2D}.Release|Any CPU.Build.0 = Release|Any CPU
		{54031A26-3069-4F13-8495-1FFF5B848B34}.Debug|Any CPU.ActiveCfg = Debug|Any CPU
		{54031A26-3069-4F13-8495-1FFF5B848B34}.Debug|Any CPU.Build.0 = Debug|Any CPU
		{54031A26-3069-4F13-8495-1FFF5B848B34}.Release|Any CPU.ActiveCfg = Release|Any CPU
		{54031A26-3069-4F13-8495-1FFF5B848B34}.Release|Any CPU.Build.0 = Release|Any CPU
		{9DC0E4F7-EAAE-455F-9A6A-232DBAD8C385}.Debug|Any CPU.ActiveCfg = Debug|Any CPU
		{9DC0E4F7-EAAE-455F-9A6A-232DBAD8C385}.Debug|Any CPU.Build.0 = Debug|Any CPU
		{9DC0E4F7-EAAE-455F-9A6A-232DBAD8C385}.Release|Any CPU.ActiveCfg = Release|Any CPU
		{9DC0E4F7-EAAE-455F-9A6A-232DBAD8C385}.Release|Any CPU.Build.0 = Release|Any CPU
	EndGlobalSection
	GlobalSection(SolutionProperties) = preSolution
		HideSolutionNode = FALSE
	EndGlobalSection
	GlobalSection(ExtensibilityGlobals) = postSolution
		SolutionGuid = {454E4BBC-509C-4A30-9F0C-9C6D98A0CC33}
	EndGlobalSection
EndGlobal
