
Microsoft Visual Studio Solution File, Format Version 12.00
# Visual Studio Version 16
VisualStudioVersion = 16.0.30804.86
MinimumVisualStudioVersion = 10.0.40219.1
Project("{FAE04EC0-301F-11D3-BF4B-00C04F79EFBC}") = "Logging", "Logging\Logging.csproj", "{BCA50206-648C-4EC4-AFF5-00DA1C14969B}"
EndProject
Global
	GlobalSection(SolutionConfigurationPlatforms) = preSolution
		Debug|Any CPU = Debug|Any CPU
		Release|Any CPU = Release|Any CPU
	EndGlobalSection
	GlobalSection(ProjectConfigurationPlatforms) = postSolution
		{BCA50206-648C-4EC4-AFF5-00DA1C14969B}.Debug|Any CPU.ActiveCfg = Debug|Any CPU
		{BCA50206-648C-4EC4-AFF5-00DA1C14969B}.Debug|Any CPU.Build.0 = Debug|Any CPU
		{BCA50206-648C-4EC4-AFF5-00DA1C14969B}.Release|Any CPU.ActiveCfg = Release|Any CPU
		{BCA50206-648C-4EC4-AFF5-00DA1C14969B}.Release|Any CPU.Build.0 = Release|Any CPU
	EndGlobalSection
	GlobalSection(SolutionProperties) = preSolution
		HideSolutionNode = FALSE
	EndGlobalSection
	GlobalSection(ExtensibilityGlobals) = postSolution
		SolutionGuid = {D4B6F061-306B-4288-A35C-0EB84ADD5C43}
	EndGlobalSection
EndGlobal
